
Microsoft Visual Studio Solution File, Format Version 12.00
# Visual Studio 2015
Project("{FAE04EC0-301F-11D3-BF4B-00C04F79EFBC}") = "DylansRTS.CSharp", "DylansRTS.CSharp.csproj", "{09F1E8D8-0E51-E038-44A2-9CFF1E817804}"
EndProject
Project("{FAE04EC0-301F-11D3-BF4B-00C04F79EFBC}") = "DylansRTS.CSharp.Editor", "DylansRTS.CSharp.Editor.csproj", "{215DA4DA-E47F-3AE6-9A08-A6570F4598D1}"
EndProject
Global
	GlobalSection(SolutionConfigurationPlatforms) = preSolution
		Debug|Any CPU = Debug|Any CPU
		Release|Any CPU = Release|Any CPU
	EndGlobalSection
	GlobalSection(ProjectConfigurationPlatforms) = postSolution
		{09F1E8D8-0E51-E038-44A2-9CFF1E817804}.Debug|Any CPU.ActiveCfg = Debug|Any CPU
		{09F1E8D8-0E51-E038-44A2-9CFF1E817804}.Debug|Any CPU.Build.0 = Debug|Any CPU
		{09F1E8D8-0E51-E038-44A2-9CFF1E817804}.Release|Any CPU.ActiveCfg = Release|Any CPU
		{09F1E8D8-0E51-E038-44A2-9CFF1E817804}.Release|Any CPU.Build.0 = Release|Any CPU
		{215DA4DA-E47F-3AE6-9A08-A6570F4598D1}.Debug|Any CPU.ActiveCfg = Debug|Any CPU
		{215DA4DA-E47F-3AE6-9A08-A6570F4598D1}.Debug|Any CPU.Build.0 = Debug|Any CPU
		{215DA4DA-E47F-3AE6-9A08-A6570F4598D1}.Release|Any CPU.ActiveCfg = Release|Any CPU
		{215DA4DA-E47F-3AE6-9A08-A6570F4598D1}.Release|Any CPU.Build.0 = Release|Any CPU
	EndGlobalSection
	GlobalSection(SolutionProperties) = preSolution
		HideSolutionNode = FALSE
	EndGlobalSection
EndGlobal
